Microsoft Visual Studio Solution File, Format Version 12.00
# Visual Studio Version 17
VisualStudioVersion = 17.8.34322.80
MinimumVisualStudioVersion = 10.0.40219.1
Project("{9A19103F-16F7-4668-BE54-9A1E7A4F7556}") = "DamaGrant.API", "src\DamaGrant.API\DamaGrant.API.csproj", "{A1B2C3D4-E5F6-47G8-H9I0-J1K2L3M4N5O6}"
EndProject
Project("{9A19103F-16F7-4668-BE54-9A1E7A4F7556}") = "DamaGrant.Application", "src\DamaGrant.Application\DamaGrant.Application.csproj", "{B2C3D4E5-F6G7-48H9-I0J1-K2L3M4N5O6P7}"
EndProject
Project("{9A19103F-16F7-4668-BE54-9A1E7A4F7556}") = "DamaGrant.Domain", "src\DamaGrant.Domain\DamaGrant.Domain.csproj", "{C3D4E5F6-G7H8-49I0-J1K2-L3M4N5O6P7Q8}"
EndProject
Project("{9A19103F-16F7-4668-BE54-9A1E7A4F7556}") = "DamaGrant.Infrastructure", "src\DamaGrant.Infrastructure\DamaGrant.Infrastructure.csproj", "{D4E5F6G7-H8I9-40J0-K1L2-M3N4O5P6Q7R8}"
EndProject
Project("{9A19103F-16F7-4668-BE54-9A1E7A4F7556}") = "DamaGrant.Shared", "src\DamaGrant.Shared\DamaGrant.Shared.csproj", "{E5F6G7H8-I9J0-41K0-L1M2-N3O4P5Q6R7S8}"
EndProject
Project("{9A19103F-16F7-4668-BE54-9A1E7A4F7556}") = "DamaGrant.UnitTests", "tests\DamaGrant.UnitTests\DamaGrant.UnitTests.csproj", "{F6G7H8I9-J0K1-42L0-M1N2-O3P4Q5R6S7T8}"
EndProject
Project("{9A19103F-16F7-4668-BE54-9A1E7A4F7556}") = "DamaGrant.IntegrationTests", "tests\DamaGrant.IntegrationTests\DamaGrant.IntegrationTests.csproj", "{G7H8I9J0-K1L2-43M0-N1O2-P3Q4R5S6T7U8}"
EndProject
Global
	GlobalSection(SolutionConfigurationPlatforms) = preSolution
		Debug|Any CPU = Debug|Any CPU
		Release|Any CPU = Release|Any CPU
	EndGlobalSection
	GlobalSection(ProjectConfigurationPlatforms) = postSolution
		{A1B2C3D4-E5F6-47G8-H9I0-J1K2L3M4N5O6}.Debug|Any CPU.ActiveCfg = Debug|Any CPU
		{A1B2C3D4-E5F6-47G8-H9I0-J1K2L3M4N5O6}.Debug|Any CPU.Build.0 = Debug|Any CPU
		{A1B2C3D4-E5F6-47G8-H9I0-J1K2L3M4N5O6}.Release|Any CPU.ActiveCfg = Release|Any CPU
		{A1B2C3D4-E5F6-47G8-H9I0-J1K2L3M4N5O6}.Release|Any CPU.Build.0 = Release|Any CPU
		{B2C3D4E5-F6G7-48H9-I0J1-K2L3M4N5O6P7}.Debug|Any CPU.ActiveCfg = Debug|Any CPU
		{B2C3D4E5-F6G7-48H9-I0J1-K2L3M4N5O6P7}.Debug|Any CPU.Build.0 = Debug|Any CPU
		{B2C3D4E5-F6G7-48H9-I0J1-K2L3M4N5O6P7}.Release|Any CPU.ActiveCfg = Release|Any CPU
		{B2C3D4E5-F6G7-48H9-I0J1-K2L3M4N5O6P7}.Release|Any CPU.Build.0 = Release|Any CPU
		{C3D4E5F6-G7H8-49I0-J1K2-L3M4N5O6P7Q8}.Debug|Any CPU.ActiveCfg = Debug|Any CPU
		{C3D4E5F6-G7H8-49I0-J1K2-L3M4N5O6P7Q8}.Debug|Any CPU.Build.0 = Debug|Any CPU
		{C3D4E5F6-G7H8-49I0-J1K2-L3M4N5O6P7Q8}.Release|Any CPU.ActiveCfg = Release|Any CPU
		{C3D4E5F6-G7H8-49I0-J1K2-L3M4N5O6P7Q8}.Release|Any CPU.Build.0 = Release|Any CPU
		{D4E5F6G7-H8I9-40J0-K1L2-M3N4O5P6Q7R8}.Debug|Any CPU.ActiveCfg = Debug|Any CPU
		{D4E5F6G7-H8I9-40J0-K1L2-M3N4O5P6Q7R8}.Debug|Any CPU.Build.0 = Debug|Any CPU
		{D4E5F6G7-H8I9-40J0-K1L2-M3N4O5P6Q7R8}.Release|Any CPU.ActiveCfg = Release|Any CPU
		{D4E5F6G7-H8I9-40J0-K1L2-M3N4O5P6Q7R8}.Release|Any CPU.Build.0 = Release|Any CPU
		{E5F6G7H8-I9J0-41K0-L1M2-N3O4P5Q6R7S8}.Debug|Any CPU.ActiveCfg = Debug|Any CPU
		{E5F6G7H8-I9J0-41K0-L1M2-N3O4P5Q6R7S8}.Debug|Any CPU.Build.0 = Debug|Any CPU
		{E5F6G7H8-I9J0-41K0-L1M2-N3O4P5Q6R7S8}.Release|Any CPU.ActiveCfg = Release|Any CPU
		{E5F6G7H8-I9J0-41K0-L1M2-N3O4P5Q6R7S8}.Release|Any CPU.Build.0 = Release|Any CPU
		{F6G7H8I9-J0K1-42L0-M1N2-O3P4Q5R6S7T8}.Debug|Any CPU.ActiveCfg = Debug|Any CPU
		{F6G7H8I9-J0K1-42L0-M1N2-O3P4Q5R6S7T8}.Debug|Any CPU.Build.0 = Debug|Any CPU
		{F6G7H8I9-J0K1-42L0-M1N2-O3P4Q5R6S7T8}.Release|Any CPU.ActiveCfg = Release|Any CPU
		{F6G7H8I9-J0K1-42L0-M1N2-O3P4Q5R6S7T8}.Release|Any CPU.Build.0 = Release|Any CPU
		{G7H8I9J0-K1L2-43M0-N1O2-P3Q4R5S6T7U8}.Debug|Any CPU.ActiveCfg = Debug|Any CPU
		{G7H8I9J0-K1L2-43M0-N1O2-P3Q4R5S6T7U8}.Debug|Any CPU.Build.0 = Debug|Any CPU
		{G7H8I9J0-K1L2-43M0-N1O2-P3Q4R5S6T7U8}.Release|Any CPU.ActiveCfg = Release|Any CPU
		{G7H8I9J0-K1L2-43M0-N1O2-P3Q4R5S6T7U8}.Release|Any CPU.Build.0 = Release|Any CPU
	EndGlobalSection
EndGlobal
